
Microsoft Visual Studio Solution File, Format Version 12.00
# Visual Studio 15
VisualStudioVersion = 15.0.28307.572
MinimumVisualStudioVersion = 10.0.40219.1
Project("{FAE04EC0-301F-11D3-BF4B-00C04F79EFBC}") = "Airline Web API", "Airline Web API\Airline Web API.csproj", "{CDF0BB49-3B73-4958-8A66-F9B135CF9543}"
EndProject
Global
	GlobalSection(SolutionConfigurationPlatforms) = preSolution
		Debug|Any CPU = Debug|Any CPU
		Release|Any CPU = Release|Any CPU
	EndGlobalSection
	GlobalSection(ProjectConfigurationPlatforms) = postSolution
		{CDF0BB49-3B73-4958-8A66-F9B135CF9543}.Debug|Any CPU.ActiveCfg = Debug|Any CPU
		{CDF0BB49-3B73-4958-8A66-F9B135CF9543}.Debug|Any CPU.Build.0 = Debug|Any CPU
		{CDF0BB49-3B73-4958-8A66-F9B135CF9543}.Release|Any CPU.ActiveCfg = Release|Any CPU
		{CDF0BB49-3B73-4958-8A66-F9B135CF9543}.Release|Any CPU.Build.0 = Release|Any CPU
	EndGlobalSection
	GlobalSection(SolutionProperties) = preSolution
		HideSolutionNode = FALSE
	EndGlobalSection
	GlobalSection(ExtensibilityGlobals) = postSolution
		SolutionGuid = {80CF89DC-0E79-4043-B5C9-B837422EDB94}
	EndGlobalSection
EndGlobal
